
Microsoft Visual Studio Solution File, Format Version 12.00
# Visual Studio 15
VisualStudioVersion = 15.0.27703.2000
MinimumVisualStudioVersion = 10.0.40219.1
Project("{FAE04EC0-301F-11D3-BF4B-00C04F79EFBC}") = "VehicleTDD", "VehicleTDD\VehicleTDD.csproj", "{EEE4922E-484D-4977-9E28-5C85E90EA207}"
EndProject
Project("{FAE04EC0-301F-11D3-BF4B-00C04F79EFBC}") = "VehicleTDD.Tests", "VehicleTDD.Tests\VehicleTDD.Tests.csproj", "{AD1D6D62-3676-4BD7-8087-E55275E05EBB}"
EndProject
Global
	GlobalSection(SolutionConfigurationPlatforms) = preSolution
		Debug|Any CPU = Debug|Any CPU
		Release|Any CPU = Release|Any CPU
	EndGlobalSection
	GlobalSection(ProjectConfigurationPlatforms) = postSolution
		{EEE4922E-484D-4977-9E28-5C85E90EA207}.Debug|Any CPU.ActiveCfg = Debug|Any CPU
		{EEE4922E-484D-4977-9E28-5C85E90EA207}.Debug|Any CPU.Build.0 = Debug|Any CPU
		{EEE4922E-484D-4977-9E28-5C85E90EA207}.Release|Any CPU.ActiveCfg = Release|Any CPU
		{EEE4922E-484D-4977-9E28-5C85E90EA207}.Release|Any CPU.Build.0 = Release|Any CPU
		{AD1D6D62-3676-4BD7-8087-E55275E05EBB}.Debug|Any CPU.ActiveCfg = Debug|Any CPU
		{AD1D6D62-3676-4BD7-8087-E55275E05EBB}.Debug|Any CPU.Build.0 = Debug|Any CPU
		{AD1D6D62-3676-4BD7-8087-E55275E05EBB}.Release|Any CPU.ActiveCfg = Release|Any CPU
		{AD1D6D62-3676-4BD7-8087-E55275E05EBB}.Release|Any CPU.Build.0 = Release|Any CPU
	EndGlobalSection
	GlobalSection(SolutionProperties) = preSolution
		HideSolutionNode = FALSE
	EndGlobalSection
	GlobalSection(ExtensibilityGlobals) = postSolution
		SolutionGuid = {4B5F348B-2A91-4DAC-A617-CAA5EF344532}
	EndGlobalSection
EndGlobal
